
Microsoft Visual Studio Solution File, Format Version 12.00
# Visual Studio Express 2013 for Windows Desktop
VisualStudioVersion = 12.0.20617.1 PREVIEW
MinimumVisualStudioVersion = 10.0.40219.1
Project("{F184B08F-C81C-45F6-A57F-5ABD9991F28F}") = "PriceCheck", "PriceCheck\PriceCheck.vbproj", "{7387561A-49A2-418C-A9AC-B1AEF55E748C}"
EndProject
Global
	GlobalSection(SolutionConfigurationPlatforms) = preSolution
		Debug|Any CPU = Debug|Any CPU
		Debug|Mixed Platforms = Debug|Mixed Platforms
		Debug|x86 = Debug|x86
		Release|Any CPU = Release|Any CPU
		Release|Mixed Platforms = Release|Mixed Platforms
		Release|x86 = Release|x86
	EndGlobalSection
	GlobalSection(ProjectConfigurationPlatforms) = postSolution
		{7387561A-49A2-418C-A9AC-B1AEF55E748C}.Debug|Any CPU.ActiveCfg = Debug|x86
		{7387561A-49A2-418C-A9AC-B1AEF55E748C}.Debug|Mixed Platforms.ActiveCfg = Debug|x86
		{7387561A-49A2-418C-A9AC-B1AEF55E748C}.Debug|Mixed Platforms.Build.0 = Debug|x86
		{7387561A-49A2-418C-A9AC-B1AEF55E748C}.Debug|x86.ActiveCfg = Debug|x86
		{7387561A-49A2-418C-A9AC-B1AEF55E748C}.Debug|x86.Build.0 = Debug|x86
		{7387561A-49A2-418C-A9AC-B1AEF55E748C}.Release|Any CPU.ActiveCfg = Release|x86
		{7387561A-49A2-418C-A9AC-B1AEF55E748C}.Release|Mixed Platforms.ActiveCfg = Release|x86
		{7387561A-49A2-418C-A9AC-B1AEF55E748C}.Release|Mixed Platforms.Build.0 = Release|x86
		{7387561A-49A2-418C-A9AC-B1AEF55E748C}.Release|x86.ActiveCfg = Release|x86
		{7387561A-49A2-418C-A9AC-B1AEF55E748C}.Release|x86.Build.0 = Release|x86
	EndGlobalSection
	GlobalSection(SolutionProperties) = preSolution
		HideSolutionNode = FALSE
	EndGlobalSection
EndGlobal
